
Microsoft Visual Studio Solution File, Format Version 12.00
# Visual Studio 15
Project("{FAE04EC0-301F-11D3-BF4B-00C04F79EFBC}") = "MerryYellow.CodeAssist.Editor", "MerryYellow.CodeAssist.Editor.csproj", "{16B5776A-8AF8-E0EB-122F-D1A76AC61995}"
EndProject
Project("{FAE04EC0-301F-11D3-BF4B-00C04F79EFBC}") = "Assembly-CSharp", "Assembly-CSharp.csproj", "{8A0332DD-B8A4-B2A5-D032-3998697433C7}"
EndProject
Project("{FAE04EC0-301F-11D3-BF4B-00C04F79EFBC}") = "Assembly-CSharp-Editor", "Assembly-CSharp-Editor.csproj", "{050D25CC-D4F6-3B62-DF19-4F0219ECFA34}"
EndProject
Project("{FAE04EC0-301F-11D3-BF4B-00C04F79EFBC}") = "Danqzq.LeaderboardCreator", "Danqzq.LeaderboardCreator.csproj", "{94BDB701-0E6D-7130-4214-48FA3950CA51}"
EndProject
Project("{FAE04EC0-301F-11D3-BF4B-00C04F79EFBC}") = "LeaderboardCreatorEditor", "LeaderboardCreatorEditor.csproj", "{A623EBBF-D67B-A3F0-FF3C-35BAFC690730}"
EndProject
Global
	GlobalSection(SolutionConfigurationPlatforms) = preSolution
		Debug|Any CPU = Debug|Any CPU
		Release|Any CPU = Release|Any CPU
	EndGlobalSection
	GlobalSection(ProjectConfigurationPlatforms) = postSolution
		{16B5776A-8AF8-E0EB-122F-D1A76AC61995}.Debug|Any CPU.ActiveCfg = Debug|Any CPU
		{16B5776A-8AF8-E0EB-122F-D1A76AC61995}.Debug|Any CPU.Build.0 = Debug|Any CPU
		{16B5776A-8AF8-E0EB-122F-D1A76AC61995}.Release|Any CPU.ActiveCfg = Release|Any CPU
		{16B5776A-8AF8-E0EB-122F-D1A76AC61995}.Release|Any CPU.Build.0 = Release|Any CPU
		{8A0332DD-B8A4-B2A5-D032-3998697433C7}.Debug|Any CPU.ActiveCfg = Debug|Any CPU
		{8A0332DD-B8A4-B2A5-D032-3998697433C7}.Debug|Any CPU.Build.0 = Debug|Any CPU
		{8A0332DD-B8A4-B2A5-D032-3998697433C7}.Release|Any CPU.ActiveCfg = Release|Any CPU
		{8A0332DD-B8A4-B2A5-D032-3998697433C7}.Release|Any CPU.Build.0 = Release|Any CPU
		{050D25CC-D4F6-3B62-DF19-4F0219ECFA34}.Debug|Any CPU.ActiveCfg = Debug|Any CPU
		{050D25CC-D4F6-3B62-DF19-4F0219ECFA34}.Debug|Any CPU.Build.0 = Debug|Any CPU
		{050D25CC-D4F6-3B62-DF19-4F0219ECFA34}.Release|Any CPU.ActiveCfg = Release|Any CPU
		{050D25CC-D4F6-3B62-DF19-4F0219ECFA34}.Release|Any CPU.Build.0 = Release|Any CPU
		{94BDB701-0E6D-7130-4214-48FA3950CA51}.Debug|Any CPU.ActiveCfg = Debug|Any CPU
		{94BDB701-0E6D-7130-4214-48FA3950CA51}.Debug|Any CPU.Build.0 = Debug|Any CPU
		{94BDB701-0E6D-7130-4214-48FA3950CA51}.Release|Any CPU.ActiveCfg = Release|Any CPU
		{94BDB701-0E6D-7130-4214-48FA3950CA51}.Release|Any CPU.Build.0 = Release|Any CPU
		{A623EBBF-D67B-A3F0-FF3C-35BAFC690730}.Debug|Any CPU.ActiveCfg = Debug|Any CPU
		{A623EBBF-D67B-A3F0-FF3C-35BAFC690730}.Debug|Any CPU.Build.0 = Debug|Any CPU
		{A623EBBF-D67B-A3F0-FF3C-35BAFC690730}.Release|Any CPU.ActiveCfg = Release|Any CPU
		{A623EBBF-D67B-A3F0-FF3C-35BAFC690730}.Release|Any CPU.Build.0 = Release|Any CPU
	EndGlobalSection
	GlobalSection(SolutionProperties) = preSolution
		HideSolutionNode = FALSE
	EndGlobalSection
EndGlobal
